{
    "_meta": {
        "hash": {
            "sha256": "d7174349c22787bfcff9bc4992ed46c34efc520f7dd0193e7d4faccf0783c5fb"
        },
        "pipfile-spec": 6,
        "requires": {
            "python_version": "3.8"
        },
        "sources": [
            {
                "name": "pypi",
                "url": "https://pypi.org/simple",
                "verify_ssl": true
            }
        ]
    },
    "default": {
        "network": {
            "hashes": [
                "sha256:786b171895c3ecaaf05948c29e206ab99285f328f799c3bbc5e22a2805bfc27f"
            ],
            "index": "pypi",
            "version": "==0.1"
        }
    },
    "develop": {}
}
